
Microsoft Visual Studio Solution File, Format Version 12.00
# Visual Studio Version 17
VisualStudioVersion = 17.9.34723.18
MinimumVisualStudioVersion = 10.0.40219.1
Project("{FAE04EC0-301F-11D3-BF4B-00C04F79EFBC}") = "WindowsFormsApp1", "WindowsFormsApp1\WindowsFormsApp1.csproj", "{DDCC490E-A2CE-44A2-96DD-663152A5929C}"
EndProject
Global
	GlobalSection(SolutionConfigurationPlatforms) = preSolution
		Debug|Any CPU = Debug|Any CPU
		Release|Any CPU = Release|Any CPU
	EndGlobalSection
	GlobalSection(ProjectConfigurationPlatforms) = postSolution
		{DDCC490E-A2CE-44A2-96DD-663152A5929C}.Debug|Any CPU.ActiveCfg = Debug|Any CPU
		{DDCC490E-A2CE-44A2-96DD-663152A5929C}.Debug|Any CPU.Build.0 = Debug|Any CPU
		{DDCC490E-A2CE-44A2-96DD-663152A5929C}.Release|Any CPU.ActiveCfg = Release|Any CPU
		{DDCC490E-A2CE-44A2-96DD-663152A5929C}.Release|Any CPU.Build.0 = Release|Any CPU
	EndGlobalSection
	GlobalSection(SolutionProperties) = preSolution
		HideSolutionNode = FALSE
	EndGlobalSection
	GlobalSection(ExtensibilityGlobals) = postSolution
		SolutionGuid = {415CCB22-EA1E-44EC-B6BA-338190A76566}
	EndGlobalSection
EndGlobal
